// !$*UTF8*$!
{
	archiveVersion = 1;
	classes = {
	};
	objectVersion = 50;
	objects = {

/* Begin PBXBuildFile section */
		82EE4ED9ECD7EBEA79CCCABB /* Pods_FlixTests.framework in Frameworks */ = {isa = PBXBuildFile; fileRef = 7477DCD65BA805C58C7A8529 /* Pods_FlixTests.framework */; };
		B33002B1221CF94900967C72 /* MovieDetailViewController.swift in Sources */ = {isa = PBXBuildFile; fileRef = B33002B0221CF94900967C72 /* MovieDetailViewController.swift */; };
		B33002B3221D066500967C72 /* MovieGridViewController.swift in Sources */ = {isa = PBXBuildFile; fileRef = B33002B2221D066500967C72 /* MovieGridViewController.swift */; };
		B33002B52223C3B500967C72 /* MovieGridCell.swift in Sources */ = {isa = PBXBuildFile; fileRef = B33002B42223C3B500967C72 /* MovieGridCell.swift */; };
		B38EDA4A2213C39800EA708A /* AppDelegate.swift in Sources */ = {isa = PBXBuildFile; fileRef = B38EDA492213C39800EA708A /* AppDelegate.swift */; };
		B38EDA4F2213C39800EA708A /* Main.storyboard in Resources */ = {isa = PBXBuildFile; fileRef = B38EDA4D2213C39800EA708A /* Main.storyboard */; };
		B38EDA512213C39A00EA708A /* Assets.xcassets in Resources */ = {isa = PBXBuildFile; fileRef = B38EDA502213C39A00EA708A /* Assets.xcassets */; };
		B38EDA542213C39A00EA708A /* LaunchScreen.storyboard in Resources */ = {isa = PBXBuildFile; fileRef = B38EDA522213C39A00EA708A /* LaunchScreen.storyboard */; };
		B38EDA5F2213C39B00EA708A /* FlixTests.swift in Sources */ = {isa = PBXBuildFile; fileRef = B38EDA5E2213C39B00EA708A /* FlixTests.swift */; };
		B38EDA6A2213C39B00EA708A /* FlixUITests.swift in Sources */ = {isa = PBXBuildFile; fileRef = B38EDA692213C39B00EA708A /* FlixUITests.swift */; };
		B38EDA782213C51500EA708A /* MoviesViewController.swift in Sources */ = {isa = PBXBuildFile; fileRef = B38EDA772213C51500EA708A /* MoviesViewController.swift */; };
		B38EDA7A2213D65800EA708A /* MovieCell.swift in Sources */ = {isa = PBXBuildFile; fileRef = B38EDA792213D65800EA708A /* MovieCell.swift */; };
		B846DDC9ACDFAF939255AE46 /* Pods_FlixUITests.framework in Frameworks */ = {isa = PBXBuildFile; fileRef = E2A513D0404743007148E5DD /* Pods_FlixUITests.framework */; };
		BBE12AD13134B20505E29F5B /* Pods_Flix.framework in Frameworks */ = {isa = PBXBuildFile; fileRef = 3C52182E7D0E79D3FA34F6FB /* Pods_Flix.framework */; };
/* End PBXBuildFile section */

/* Begin PBXContainerItemProxy section */
		B38EDA5B2213C39B00EA708A /* PBXContainerItemProxy */ = {
			isa = PBXContainerItemProxy;
			containerPortal = B38EDA3E2213C39800EA708A /* Project object */;
			proxyType = 1;
			remoteGlobalIDString = B38EDA452213C39800EA708A;
			remoteInfo = Flix;
		};
		B38EDA662213C39B00EA708A /* PBXContainerItemProxy */ = {
			isa = PBXContainerItemProxy;
			containerPortal = B38EDA3E2213C39800EA708A /* Project object */;
			proxyType = 1;
			remoteGlobalIDString = B38EDA452213C39800EA708A;
			remoteInfo = Flix;
		};
/* End PBXContainerItemProxy section */

/* Begin PBXFileReference section */
		025742FEC05551D45185366B /* Pods-Flix.release.xcconfig */ = {isa = PBXFileReference; includeInIndex = 1; lastKnownFileType = text.xcconfig; name = "Pods-Flix.release.xcconfig"; path = "Target Support Files/Pods-Flix/Pods-Flix.release.xcconfig"; sourceTree = "<group>"; };
		31ACE6DABDE90853A0080328 /* Pods-FlixUITests.debug.xcconfig */ = {isa = PBXFileReference; includeInIndex = 1; lastKnownFileType = text.xcconfig; name = "Pods-FlixUITests.debug.xcconfig"; path = "Target Support Files/Pods-FlixUITests/Pods-FlixUITests.debug.xcconfig"; sourceTree = "<group>"; };
		3C52182E7D0E79D3FA34F6FB /* Pods_Flix.framework */ = {isa = PBXFileReference; explicitFileType = wrapper.framework; includeInIndex = 0; path = Pods_Flix.framework; sourceTree = BUILT_PRODUCTS_DIR; };
		5367324CD9718A090B2D46A4 /* Pods-FlixTests.debug.xcconfig */ = {isa = PBXFileReference; includeInIndex = 1; lastKnownFileType = text.xcconfig; name = "Pods-FlixTests.debug.xcconfig"; path = "Target Support Files/Pods-FlixTests/Pods-FlixTests.debug.xcconfig"; sourceTree = "<group>"; };
		7477DCD65BA805C58C7A8529 /* Pods_FlixTests.framework */ = {isa = PBXFileReference; explicitFileType = wrapper.framework; includeInIndex = 0; path = Pods_FlixTests.framework; sourceTree = BUILT_PRODUCTS_DIR; };
		B272C371FC75BFD79A6791E8 /* Pods-FlixUITests.release.xcconfig */ = {isa = PBXFileReference; includeInIndex = 1; lastKnownFileType = text.xcconfig; name = "Pods-FlixUITests.release.xcconfig"; path = "Target Support Files/Pods-FlixUITests/Pods-FlixUITests.release.xcconfig"; sourceTree = "<group>"; };
		B33002B0221CF94900967C72 /* MovieDetailViewController.swift */ = {isa = PBXFileReference; lastKnownFileType = sourcecode.swift; path = MovieDetailViewController.swift; sourceTree = "<group>"; };
		B33002B2221D066500967C72 /* MovieGridViewController.swift */ = {isa = PBXFileReference; lastKnownFileType = sourcecode.swift; path = MovieGridViewController.swift; sourceTree = "<group>"; };
		B33002B42223C3B500967C72 /* MovieGridCell.swift */ = {isa = PBXFileReference; lastKnownFileType = sourcecode.swift; path = MovieGridCell.swift; sourceTree = "<group>"; };
		B38EDA462213C39800EA708A /* Flix.app */ = {isa = PBXFileReference; explicitFileType = wrapper.application; includeInIndex = 0; path = Flix.app; sourceTree = BUILT_PRODUCTS_DIR; };
		B38EDA492213C39800EA708A /* AppDelegate.swift */ = {isa = PBXFileReference; lastKnownFileType = sourcecode.swift; path = AppDelegate.swift; sourceTree = "<group>"; };
		B38EDA4E2213C39800EA708A /* Base */ = {isa = PBXFileReference; lastKnownFileType = file.storyboard; name = Base; path = Base.lproj/Main.storyboard; sourceTree = "<group>"; };
		B38EDA502213C39A00EA708A /* Assets.xcassets */ = {isa = PBXFileReference; lastKnownFileType = folder.assetcatalog; path = Assets.xcassets; sourceTree = "<group>"; };
		B38EDA532213C39A00EA708A /* Base */ = {isa = PBXFileReference; lastKnownFileType = file.storyboard; name = Base; path = Base.lproj/LaunchScreen.storyboard; sourceTree = "<group>"; };
		B38EDA552213C39A00EA708A /* Info.plist */ = {isa = PBXFileReference; lastKnownFileType = text.plist.xml; path = Info.plist; sourceTree = "<group>"; };
		B38EDA5A2213C39B00EA708A /* FlixTests.xctest */ = {isa = PBXFileReference; explicitFileType = wrapper.cfbundle; includeInIndex = 0; path = FlixTests.xctest; sourceTree = BUILT_PRODUCTS_DIR; };
		B38EDA5E2213C39B00EA708A /* FlixTests.swift */ = {isa = PBXFileReference; lastKnownFileType = sourcecode.swift; path = FlixTests.swift; sourceTree = "<group>"; };
		B38EDA602213C39B00EA708A /* Info.plist */ = {isa = PBXFileReference; lastKnownFileType = text.plist.xml; path = Info.plist; sourceTree = "<group>"; };
		B38EDA652213C39B00EA708A /* FlixUITests.xctest */ = {isa = PBXFileReference; explicitFileType = wrapper.cfbundle; includeInIndex = 0; path = FlixUITests.xctest; sourceTree = BUILT_PRODUCTS_DIR; };
		B38EDA692213C39B00EA708A /* FlixUITests.swift */ = {isa = PBXFileReference; lastKnownFileType = sourcecode.swift; path = FlixUITests.swift; sourceTree = "<group>"; };
		B38EDA6B2213C39B00EA708A /* Info.plist */ = {isa = PBXFileReference; lastKnownFileType = text.plist.xml; path = Info.plist; sourceTree = "<group>"; };
		B38EDA772213C51500EA708A /* MoviesViewController.swift */ = {isa = PBXFileReference; lastKnownFileType = sourcecode.swift; path = MoviesViewController.swift; sourceTree = "<group>"; };
		B38EDA792213D65800EA708A /* MovieCell.swift */ = {isa = PBXFileReference; lastKnownFileType = sourcecode.swift; path = MovieCell.swift; sourceTree = "<group>"; };
		CEFCD5F6F51304A6DE9FC971 /* Pods-Flix.debug.xcconfig */ = {isa = PBXFileReference; includeInIndex = 1; lastKnownFileType = text.xcconfig; name = "Pods-Flix.debug.xcconfig"; path = "Target Support Files/Pods-Flix/Pods-Flix.debug.xcconfig"; sourceTree = "<group>"; };
		E2A513D0404743007148E5DD /* Pods_FlixUITests.framework */ = {isa = PBXFileReference; explicitFileType = wrapper.framework; includeInIndex = 0; path = Pods_FlixUITests.framework; sourceTree = BUILT_PRODUCTS_DIR; };
		F2B010864C66A114C08FA892 /* Pods-FlixTests.release.xcconfig */ = {isa = PBXFileReference; includeInIndex = 1; lastKnownFileType = text.xcconfig; name = "Pods-FlixTests.release.xcconfig"; path = "Target Support Files/Pods-FlixTests/Pods-FlixTests.release.xcconfig"; sourceTree = "<group>"; };
/* End PBXFileReference section */

/* Begin PBXFrameworksBuildPhase section */
		B38EDA432213C39800EA708A /* Frameworks */ = {
			isa = PBXFrameworksBuildPhase;
			buildActionMask = 2147483647;
			files = (
				BBE12AD13134B20505E29F5B /* Pods_Flix.framework in Frameworks */,
			);
			runOnlyForDeploymentPostprocessing = 0;
		};
		B38EDA572213C39B00EA708A /* Frameworks */ = {
			isa = PBXFrameworksBuildPhase;
			buildActionMask = 2147483647;
			files = (
				82EE4ED9ECD7EBEA79CCCABB /* Pods_FlixTests.framework in Frameworks */,
			);
			runOnlyForDeploymentPostprocessing = 0;
		};
		B38EDA622213C39B00EA708A /* Frameworks */ = {
			isa = PBXFrameworksBuildPhase;
			buildActionMask = 2147483647;
			files = (
				B846DDC9ACDFAF939255AE46 /* Pods_FlixUITests.framework in Frameworks */,
			);
			runOnlyForDeploymentPostprocessing = 0;
		};
/* End PBXFrameworksBuildPhase section */

/* Begin PBXGroup section */
		27CB62D3B933BBF6C7194849 /* Frameworks */ = {
			isa = PBXGroup;
			children = (
				3C52182E7D0E79D3FA34F6FB /* Pods_Flix.framework */,
				7477DCD65BA805C58C7A8529 /* Pods_FlixTests.framework */,
				E2A513D0404743007148E5DD /* Pods_FlixUITests.framework */,
			);
			name = Frameworks;
			sourceTree = "<group>";
		};
		B38EDA3D2213C39800EA708A = {
			isa = PBXGroup;
			children = (
				B38EDA482213C39800EA708A /* Flix */,
				B38EDA5D2213C39B00EA708A /* FlixTests */,
				B38EDA682213C39B00EA708A /* FlixUITests */,
				B38EDA472213C39800EA708A /* Products */,
				B9ECCE9EB3FCF583069C5C7D /* Pods */,
				27CB62D3B933BBF6C7194849 /* Frameworks */,
			);
			sourceTree = "<group>";
		};
		B38EDA472213C39800EA708A /* Products */ = {
			isa = PBXGroup;
			children = (
				B38EDA462213C39800EA708A /* Flix.app */,
				B38EDA5A2213C39B00EA708A /* FlixTests.xctest */,
				B38EDA652213C39B00EA708A /* FlixUITests.xctest */,
			);
			name = Products;
			sourceTree = "<group>";
		};
		B38EDA482213C39800EA708A /* Flix */ = {
			isa = PBXGroup;
			children = (
				B38EDA492213C39800EA708A /* AppDelegate.swift */,
				B38EDA4D2213C39800EA708A /* Main.storyboard */,
				B33002B42223C3B500967C72 /* MovieGridCell.swift */,
				B33002B2221D066500967C72 /* MovieGridViewController.swift */,
				B33002B0221CF94900967C72 /* MovieDetailViewController.swift */,
				B38EDA792213D65800EA708A /* MovieCell.swift */,
				B38EDA502213C39A00EA708A /* Assets.xcassets */,
				B38EDA522213C39A00EA708A /* LaunchScreen.storyboard */,
				B38EDA552213C39A00EA708A /* Info.plist */,
				B38EDA772213C51500EA708A /* MoviesViewController.swift */,
			);
			path = Flix;
			sourceTree = "<group>";
		};
		B38EDA5D2213C39B00EA708A /* FlixTests */ = {
			isa = PBXGroup;
			children = (
				B38EDA5E2213C39B00EA708A /* FlixTests.swift */,
				B38EDA602213C39B00EA708A /* Info.plist */,
			);
			path = FlixTests;
			sourceTree = "<group>";
		};
		B38EDA682213C39B00EA708A /* FlixUITests */ = {
			isa = PBXGroup;
			children = (
				B38EDA692213C39B00EA708A /* FlixUITests.swift */,
				B38EDA6B2213C39B00EA708A /* Info.plist */,
			);
			path = FlixUITests;
			sourceTree = "<group>";
		};
		B9ECCE9EB3FCF583069C5C7D /* Pods */ = {
			isa = PBXGroup;
			children = (
				CEFCD5F6F51304A6DE9FC971 /* Pods-Flix.debug.xcconfig */,
				025742FEC05551D45185366B /* Pods-Flix.release.xcconfig */,
				5367324CD9718A090B2D46A4 /* Pods-FlixTests.debug.xcconfig */,
				F2B010864C66A114C08FA892 /* Pods-FlixTests.release.xcconfig */,
				31ACE6DABDE90853A0080328 /* Pods-FlixUITests.debug.xcconfig */,
				B272C371FC75BFD79A6791E8 /* Pods-FlixUITests.release.xcconfig */,
			);
			path = Pods;
			sourceTree = "<group>";
		};
/* End PBXGroup section */

/* Begin PBXNativeTarget section */
		B38EDA452213C39800EA708A /* Flix */ = {
			isa = PBXNativeTarget;
			buildConfigurationList = B38EDA6E2213C39B00EA708A /* Build configuration list for PBXNativeTarget "Flix" */;
			buildPhases = (
				E4F96B8E73534356AE7DB502 /* [CP] Check Pods Manifest.lock */,
				B38EDA422213C39800EA708A /* Sources */,
				B38EDA432213C39800EA708A /* Frameworks */,
				B38EDA442213C39800EA708A /* Resources */,
				172DA06522BAB5562D1A83C3 /* [CP] Embed Pods Frameworks */,
			);
			buildRules = (
			);
			dependencies = (
			);
			name = Flix;
			productName = Flix;
			productReference = B38EDA462213C39800EA708A /* Flix.app */;
			productType = "com.apple.product-type.application";
		};
		B38EDA592213C39B00EA708A /* FlixTests */ = {
			isa = PBXNativeTarget;
			buildConfigurationList = B38EDA712213C39B00EA708A /* Build configuration list for PBXNativeTarget "FlixTests" */;
			buildPhases = (
				661F7E718DD366456B4E79F6 /* [CP] Check Pods Manifest.lock */,
				B38EDA562213C39B00EA708A /* Sources */,
				B38EDA572213C39B00EA708A /* Frameworks */,
				B38EDA582213C39B00EA708A /* Resources */,
			);
			buildRules = (
			);
			dependencies = (
				B38EDA5C2213C39B00EA708A /* PBXTargetDependency */,
			);
			name = FlixTests;
			productName = FlixTests;
			productReference = B38EDA5A2213C39B00EA708A /* FlixTests.xctest */;
			productType = "com.apple.product-type.bundle.unit-test";
		};
		B38EDA642213C39B00EA708A /* FlixUITests */ = {
			isa = PBXNativeTarget;
			buildConfigurationList = B38EDA742213C39B00EA708A /* Build configuration list for PBXNativeTarget "FlixUITests" */;
			buildPhases = (
				9D5BB6E375694698A5B94ED6 /* [CP] Check Pods Manifest.lock */,
				B38EDA612213C39B00EA708A /* Sources */,
				B38EDA622213C39B00EA708A /* Frameworks */,
				B38EDA632213C39B00EA708A /* Resources */,
			);
			buildRules = (
			);
			dependencies = (
				B38EDA672213C39B00EA708A /* PBXTargetDependency */,
			);
			name = FlixUITests;
			productName = FlixUITests;
			productReference = B38EDA652213C39B00EA708A /* FlixUITests.xctest */;
			productType = "com.apple.product-type.bundle.ui-testing";
		};
/* End PBXNativeTarget section */

/* Begin PBXProject section */
		B38EDA3E2213C39800EA708A /* Project object */ = {
			isa = PBXProject;
			attributes = {
				LastSwiftUpdateCheck = 1010;
				LastUpgradeCheck = 1010;
				ORGANIZATIONNAME = "Shih-Chuan Leo Ku";
				TargetAttributes = {
					B38EDA452213C39800EA708A = {
						CreatedOnToolsVersion = 10.1;
					};
					B38EDA592213C39B00EA708A = {
						CreatedOnToolsVersion = 10.1;
						TestTargetID = B38EDA452213C39800EA708A;
					};
					B38EDA642213C39B00EA708A = {
						CreatedOnToolsVersion = 10.1;
						TestTargetID = B38EDA452213C39800EA708A;
					};
				};
			};
			buildConfigurationList = B38EDA412213C39800EA708A /* Build configuration list for PBXProject "Flix" */;
			compatibilityVersion = "Xcode 9.3";
			developmentRegion = en;
			hasScannedForEncodings = 0;
			knownRegions = (
				en,
				Base,
			);
			mainGroup = B38EDA3D2213C39800EA708A;
			productRefGroup = B38EDA472213C39800EA708A /* Products */;
			projectDirPath = "";
			projectRoot = "";
			targets = (
				B38EDA452213C39800EA708A /* Flix */,
				B38EDA592213C39B00EA708A /* FlixTests */,
				B38EDA642213C39B00EA708A /* FlixUITests */,
			);
		};
/* End PBXProject section */

/* Begin PBXResourcesBuildPhase section */
		B38EDA442213C39800EA708A /* Resources */ = {
			isa = PBXResourcesBuildPhase;
			buildActionMask = 2147483647;
			files = (
				B38EDA542213C39A00EA708A /* LaunchScreen.storyboard in Resources */,
				B38EDA512213C39A00EA708A /* Assets.xcassets in Resources */,
				B38EDA4F2213C39800EA708A /* Main.storyboard in Resources */,
			);
			runOnlyForDeploymentPostprocessing = 0;
		};
		B38EDA582213C39B00EA708A /* Resources */ = {
			isa = PBXResourcesBuildPhase;
			buildActionMask = 2147483647;
			files = (
			);
			runOnlyForDeploymentPostprocessing = 0;
		};
		B38EDA632213C39B00EA708A /* Resources */ = {
			isa = PBXResourcesBuildPhase;
			buildActionMask = 2147483647;
			files = (
			);
			runOnlyForDeploymentPostprocessing = 0;
		};
/* End PBXResourcesBuildPhase section */

/* Begin PBXShellScriptBuildPhase section */
		172DA06522BAB5562D1A83C3 /* [CP] Embed Pods Frameworks */ = {
			isa = PBXShellScriptBuildPhase;
			buildActionMask = 2147483647;
			files = (
			);
			inputFileListPaths = (
			);
			inputPaths = (
				"${PODS_ROOT}/Target Support Files/Pods-Flix/Pods-Flix-frameworks.sh",
				"${BUILT_PRODUCTS_DIR}/Alamofire/Alamofire.framework",
				"${BUILT_PRODUCTS_DIR}/AlamofireImage/AlamofireImage.framework",
			);
			name = "[CP] Embed Pods Frameworks";
			outputFileListPaths = (
			);
			outputPaths = (
				"${TARGET_BUILD_DIR}/${FRAMEWORKS_FOLDER_PATH}/Alamofire.framework",
				"${TARGET_BUILD_DIR}/${FRAMEWORKS_FOLDER_PATH}/AlamofireImage.framework",
			);
			runOnlyForDeploymentPostprocessing = 0;
			shellPath = /bin/sh;
			shellScript = "\"${PODS_ROOT}/Target Support Files/Pods-Flix/Pods-Flix-frameworks.sh\"\n";
			showEnvVarsInLog = 0;
		};
		661F7E718DD366456B4E79F6 /* [CP] Check Pods Manifest.lock */ = {
			isa = PBXShellScriptBuildPhase;
			buildActionMask = 2147483647;
			files = (
			);
			inputFileListPaths = (
			);
			inputPaths = (
				"${PODS_PODFILE_DIR_PATH}/Podfile.lock",
				"${PODS_ROOT}/Manifest.lock",
			);
			name = "[CP] Check Pods Manifest.lock";
			outputFileListPaths = (
			);
			outputPaths = (
				"$(DERIVED_FILE_DIR)/Pods-FlixTests-checkManifestLockResult.txt",
			);
			runOnlyForDeploymentPostprocessing = 0;
			shellPath = /bin/sh;
			shellScript = "diff \"${PODS_PODFILE_DIR_PATH}/Podfile.lock\" \"${PODS_ROOT}/Manifest.lock\" > /dev/null\nif [ $? != 0 ] ; then\n    # print error to STDERR\n    echo \"error: The sandbox is not in sync with the Podfile.lock. Run 'pod install' or update your CocoaPods installation.\" >&2\n    exit 1\nfi\n# This output is used by Xcode 'outputs' to avoid re-running this script phase.\necho \"SUCCESS\" > \"${SCRIPT_OUTPUT_FILE_0}\"\n";
			showEnvVarsInLog = 0;
		};
		9D5BB6E375694698A5B94ED6 /* [CP] Check Pods Manifest.lock */ = {
			isa = PBXShellScriptBuildPhase;
			buildActionMask = 2147483647;
			files = (
			);
			inputFileListPaths = (
			);
			inputPaths = (
				"${PODS_PODFILE_DIR_PATH}/Podfile.lock",
				"${PODS_ROOT}/Manifest.lock",
			);
			name = "[CP] Check Pods Manifest.lock";
			outputFileListPaths = (
			);
			outputPaths = (
				"$(DERIVED_FILE_DIR)/Pods-FlixUITests-checkManifestLockResult.txt",
			);
			runOnlyForDeploymentPostprocessing = 0;
			shellPath = /bin/sh;
			shellScript = "diff \"${PODS_PODFILE_DIR_PATH}/Podfile.lock\" \"${PODS_ROOT}/Manifest.lock\" > /dev/null\nif [ $? != 0 ] ; then\n    # print error to STDERR\n    echo \"error: The sandbox is not in sync with the Podfile.lock. Run 'pod install' or update your CocoaPods installation.\" >&2\n    exit 1\nfi\n# This output is used by Xcode 'outputs' to avoid re-running this script phase.\necho \"SUCCESS\" > \"${SCRIPT_OUTPUT_FILE_0}\"\n";
			showEnvVarsInLog = 0;
		};
		E4F96B8E73534356AE7DB502 /* [CP] Check Pods Manifest.lock */ = {
			isa = PBXShellScriptBuildPhase;
			buildActionMask = 2147483647;
			files = (
			);
			inputFileListPaths = (
			);
			inputPaths = (
				"${PODS_PODFILE_DIR_PATH}/Podfile.lock",
				"${PODS_ROOT}/Manifest.lock",
			);
			name = "[CP] Check Pods Manifest.lock";
			outputFileListPaths = (
			);
			outputPaths = (
				"$(DERIVED_FILE_DIR)/Pods-Flix-checkManifestLockResult.txt",
			);
			runOnlyForDeploymentPostprocessing = 0;
			shellPath = /bin/sh;
			shellScript = "diff \"${PODS_PODFILE_DIR_PATH}/Podfile.lock\" \"${PODS_ROOT}/Manifest.lock\" > /dev/null\nif [ $? != 0 ] ; then\n    # print error to STDERR\n    echo \"error: The sandbox is not in sync with the Podfile.lock. Run 'pod install' or update your CocoaPods installation.\" >&2\n    exit 1\nfi\n# This output is used by Xcode 'outputs' to avoid re-running this script phase.\necho \"SUCCESS\" > \"${SCRIPT_OUTPUT_FILE_0}\"\n";
			showEnvVarsInLog = 0;
		};
/* End PBXShellScriptBuildPhase section */

/* Begin PBXSourcesBuildPhase section */
		B38EDA422213C39800EA708A /* Sources */ = {
			isa = PBXSourcesBuildPhase;
			buildActionMask = 2147483647;
			files = (
				B33002B3221D066500967C72 /* MovieGridViewController.swift in Sources */,
				B33002B1221CF94900967C72 /* MovieDetailViewController.swift in Sources */,
				B38EDA4A2213C39800EA708A /* AppDelegate.swift in Sources */,
				B38EDA782213C51500EA708A /* MoviesViewController.swift in Sources */,
				B33002B52223C3B500967C72 /* MovieGridCell.swift in Sources */,
				B38EDA7A2213D65800EA708A /* MovieCell.swift in Sources */,
			);
			runOnlyForDeploymentPostprocessing = 0;
		};
		B38EDA562213C39B00EA708A /* Sources */ = {
			isa = PBXSourcesBuildPhase;
			buildActionMask = 2147483647;
			files = (
				B38EDA5F2213C39B00EA708A /* FlixTests.swift in Sources */,
			);
			runOnlyForDeploymentPostprocessing = 0;
		};
		B38EDA612213C39B00EA708A /* Sources */ = {
			isa = PBXSourcesBuildPhase;
			buildActionMask = 2147483647;
			files = (
				B38EDA6A2213C39B00EA708A /* FlixUITests.swift in Sources */,
			);
			runOnlyForDeploymentPostprocessing = 0;
		};
/* End PBXSourcesBuildPhase section */

/* Begin PBXTargetDependency section */
		B38EDA5C2213C39B00EA708A /* PBXTargetDependency */ = {
			isa = PBXTargetDependency;
			target = B38EDA452213C39800EA708A /* Flix */;
			targetProxy = B38EDA5B2213C39B00EA708A /* PBXContainerItemProxy */;
		};
		B38EDA672213C39B00EA708A /* PBXTargetDependency */ = {
			isa = PBXTargetDependency;
			target = B38EDA452213C39800EA708A /* Flix */;
			targetProxy = B38EDA662213C39B00EA708A /* PBXContainerItemProxy */;
		};
/* End PBXTargetDependency section */

/* Begin PBXVariantGroup section */
		B38EDA4D2213C39800EA708A /* Main.storyboard */ = {
			isa = PBXVariantGroup;
			children = (
				B38EDA4E2213C39800EA708A /* Base */,
			);
			name = Main.storyboard;
			sourceTree = "<group>";
		};
		B38EDA522213C39A00EA708A /* LaunchScreen.storyboard */ = {
			isa = PBXVariantGroup;
			children = (
				B38EDA532213C39A00EA708A /* Base */,
			);
			name = LaunchScreen.storyboard;
			sourceTree = "<group>";
		};
/* End PBXVariantGroup section */

/* Begin XCBuildConfiguration section */
		B38EDA6C2213C39B00EA708A /* Debug */ = {
			isa = XCBuildConfiguration;
			buildSettings = {
				ALWAYS_SEARCH_USER_PATHS = NO;
				CLANG_ANALYZER_NONNULL = YES;
				CLANG_ANALYZER_NUMBER_OBJECT_CONVERSION = YES_AGGRESSIVE;
				CLANG_CXX_LANGUAGE_STANDARD = "gnu++14";
				CLANG_CXX_LIBRARY = "libc++";
				CLANG_ENABLE_MODULES = YES;
				CLANG_ENABLE_OBJC_ARC = YES;
				CLANG_ENABLE_OBJC_WEAK = YES;
				CLANG_WARN_BLOCK_CAPTURE_AUTORELEASING = YES;
				CLANG_WARN_BOOL_CONVERSION = YES;
				CLANG_WARN_COMMA = YES;
				CLANG_WARN_CONSTANT_CONVERSION = YES;
				CLANG_WARN_DEPRECATED_OBJC_IMPLEMENTATIONS = YES;
				CLANG_WARN_DIRECT_OBJC_ISA_USAGE = YES_ERROR;
				CLANG_WARN_DOCUMENTATION_COMMENTS = YES;
				CLANG_WARN_EMPTY_BODY = YES;
				CLANG_WARN_ENUM_CONVERSION = YES;
				CLANG_WARN_INFINITE_RECURSION = YES;
				CLANG_WARN_INT_CONVERSION = YES;
				CLANG_WARN_NON_LITERAL_NULL_CONVERSION = YES;
				CLANG_WARN_OBJC_IMPLICIT_RETAIN_SELF = YES;
				CLANG_WARN_OBJC_LITERAL_CONVERSION = YES;
				CLANG_WARN_OBJC_ROOT_CLASS = YES_ERROR;
				CLANG_WARN_RANGE_LOOP_ANALYSIS = YES;
				CLANG_WARN_STRICT_PROTOTYPES = YES;
				CLANG_WARN_SUSPICIOUS_MOVE = YES;
				CLANG_WARN_UNGUARDED_AVAILABILITY = YES_AGGRESSIVE;
				CLANG_WARN_UNREACHABLE_CODE = YES;
				CLANG_WARN__DUPLICATE_METHOD_MATCH = YES;
				CODE_SIGN_IDENTITY = "iPhone Developer";
				COPY_PHASE_STRIP = NO;
				DEBUG_INFORMATION_FORMAT = dwarf;
				ENABLE_STRICT_OBJC_MSGSEND = YES;
				ENABLE_TESTABILITY = YES;
				GCC_C_LANGUAGE_STANDARD = gnu11;
				GCC_DYNAMIC_NO_PIC = NO;
				GCC_NO_COMMON_BLOCKS = YES;
				GCC_OPTIMIZATION_LEVEL = 0;
				GCC_PREPROCESSOR_DEFINITIONS = (
					"DEBUG=1",
					"$(inherited)",
				);
				GCC_WARN_64_TO_32_BIT_CONVERSION = YES;
				GCC_WARN_ABOUT_RETURN_TYPE = YES_ERROR;
				GCC_WARN_UNDECLARED_SELECTOR = YES;
				GCC_WARN_UNINITIALIZED_AUTOS = YES_AGGRESSIVE;
				GCC_WARN_UNUSED_FUNCTION = YES;
				GCC_WARN_UNUSED_VARIABLE = YES;
				IPHONEOS_DEPLOYMENT_TARGET = 12.1;
				MTL_ENABLE_DEBUG_INFO = INCLUDE_SOURCE;
				MTL_FAST_MATH = YES;
				ONLY_ACTIVE_ARCH = YES;
				SDKROOT = iphoneos;
				SWIFT_ACTIVE_COMPILATION_CONDITIONS = DEBUG;
				SWIFT_OPTIMIZATION_LEVEL = "-Onone";
			};
			name = Debug;
		};
		B38EDA6D2213C39B00EA708A /* Release */ = {
			isa = XCBuildConfiguration;
			buildSettings = {
				ALWAYS_SEARCH_USER_PATHS = NO;
				CLANG_ANALYZER_NONNULL = YES;
				CLANG_ANALYZER_NUMBER_OBJECT_CONVERSION = YES_AGGRESSIVE;
				CLANG_CXX_LANGUAGE_STANDARD = "gnu++14";
				CLANG_CXX_LIBRARY = "libc++";
				CLANG_ENABLE_MODULES = YES;
				CLANG_ENABLE_OBJC_ARC = YES;
				CLANG_ENABLE_OBJC_WEAK = YES;
				CLANG_WARN_BLOCK_CAPTURE_AUTORELEASING = YES;
				CLANG_WARN_BOOL_CONVERSION = YES;
				CLANG_WARN_COMMA = YES;
				CLANG_WARN_CONSTANT_CONVERSION = YES;
				CLANG_WARN_DEPRECATED_OBJC_IMPLEMENTATIONS = YES;
				CLANG_WARN_DIRECT_OBJC_ISA_USAGE = YES_ERROR;
				CLANG_WARN_DOCUMENTATION_COMMENTS = YES;
				CLANG_WARN_EMPTY_BODY = YES;
				CLANG_WARN_ENUM_CONVERSION = YES;
				CLANG_WARN_INFINITE_RECURSION = YES;
				CLANG_WARN_INT_CONVERSION = YES;
				CLANG_WARN_NON_LITERAL_NULL_CONVERSION = YES;
				CLANG_WARN_OBJC_IMPLICIT_RETAIN_SELF = YES;
				CLANG_WARN_OBJC_LITERAL_CONVERSION = YES;
				CLANG_WARN_OBJC_ROOT_CLASS = YES_ERROR;
				CLANG_WARN_RANGE_LOOP_ANALYSIS = YES;
				CLANG_WARN_STRICT_PROTOTYPES = YES;
				CLANG_WARN_SUSPICIOUS_MOVE = YES;
				CLANG_WARN_UNGUARDED_AVAILABILITY = YES_AGGRESSIVE;
				CLANG_WARN_UNREACHABLE_CODE = YES;
				CLANG_WARN__DUPLICATE_METHOD_MATCH = YES;
				CODE_SIGN_IDENTITY = "iPhone Developer";
				COPY_PHASE_STRIP = NO;
				DEBUG_INFORMATION_FORMAT = "dwarf-with-dsym";
				ENABLE_NS_ASSERTIONS = NO;
				ENABLE_STRICT_OBJC_MSGSEND = YES;
				GCC_C_LANGUAGE_STANDARD = gnu11;
				GCC_NO_COMMON_BLOCKS = YES;
				GCC_WARN_64_TO_32_BIT_CONVERSION = YES;
				GCC_WARN_ABOUT_RETURN_TYPE = YES_ERROR;
				GCC_WARN_UNDECLARED_SELECTOR = YES;
				GCC_WARN_UNINITIALIZED_AUTOS = YES_AGGRESSIVE;
				GCC_WARN_UNUSED_FUNCTION = YES;
				GCC_WARN_UNUSED_VARIABLE = YES;
				IPHONEOS_DEPLOYMENT_TARGET = 12.1;
				MTL_ENABLE_DEBUG_INFO = NO;
				MTL_FAST_MATH = YES;
				SDKROOT = iphoneos;
				SWIFT_COMPILATION_MODE = wholemodule;
				SWIFT_OPTIMIZATION_LEVEL = "-O";
				VALIDATE_PRODUCT = YES;
			};
			name = Release;
		};
		B38EDA6F2213C39B00EA708A /* Debug */ = {
			isa = XCBuildConfiguration;
			baseConfigurationReference = CEFCD5F6F51304A6DE9FC971 /* Pods-Flix.debug.xcconfig */;
			buildSettings = {
				ASSETCATALOG_COMPILER_APPICON_NAME = AppIcon;
				CODE_SIGN_STYLE = Automatic;
				DEVELOPMENT_TEAM = 4NJNF2MU88;
				INFOPLIST_FILE = Flix/Info.plist;
				LD_RUNPATH_SEARCH_PATHS = (
					"$(inherited)",
					"@executable_path/Frameworks",
				);
				PRODUCT_BUNDLE_IDENTIFIER = com.leo.sc.ku.Flix;
				PRODUCT_NAME = "$(TARGET_NAME)";
				SWIFT_VERSION = 4.2;
				TARGETED_DEVICE_FAMILY = "1,2";
			};
			name = Debug;
		};
		B38EDA702213C39B00EA708A /* Release */ = {
			isa = XCBuildConfiguration;
			baseConfigurationReference = 025742FEC05551D45185366B /* Pods-Flix.release.xcconfig */;
			buildSettings = {
				ASSETCATALOG_COMPILER_APPICON_NAME = AppIcon;
				CODE_SIGN_STYLE = Automatic;
				DEVELOPMENT_TEAM = 4NJNF2MU88;
				INFOPLIST_FILE = Flix/Info.plist;
				LD_RUNPATH_SEARCH_PATHS = (
					"$(inherited)",
					"@executable_path/Frameworks",
				);
				PRODUCT_BUNDLE_IDENTIFIER = com.leo.sc.ku.Flix;
				PRODUCT_NAME = "$(TARGET_NAME)";
				SWIFT_VERSION = 4.2;
				TARGETED_DEVICE_FAMILY = "1,2";
			};
			name = Release;
		};
		B38EDA722213C39B00EA708A /* Debug */ = {
			isa = XCBuildConfiguration;
			baseConfigurationReference = 5367324CD9718A090B2D46A4 /* Pods-FlixTests.debug.xcconfig */;
			buildSettings = {
				ALWAYS_EMBED_SWIFT_STANDARD_LIBRARIES = YES;
				BUNDLE_LOADER = "$(TEST_HOST)";
				CODE_SIGN_STYLE = Automatic;
				INFOPLIST_FILE = FlixTests/Info.plist;
				LD_RUNPATH_SEARCH_PATHS = (
					"$(inherited)",
					"@executable_path/Frameworks",
					"@loader_path/Frameworks",
				);
				PRODUCT_BUNDLE_IDENTIFIER = com.leo.sc.ku.FlixTests;
				PRODUCT_NAME = "$(TARGET_NAME)";
				SWIFT_VERSION = 4.2;
				TARGETED_DEVICE_FAMILY = "1,2";
				TEST_HOST = "$(BUILT_PRODUCTS_DIR)/Flix.app/Flix";
			};
			name = Debug;
		};
		B38EDA732213C39B00EA708A /* Release */ = {
			isa = XCBuildConfiguration;
			baseConfigurationReference = F2B010864C66A114C08FA892 /* Pods-FlixTests.release.xcconfig */;
			buildSettings = {
				ALWAYS_EMBED_SWIFT_STANDARD_LIBRARIES = YES;
				BUNDLE_LOADER = "$(TEST_HOST)";
				CODE_SIGN_STYLE = Automatic;
				INFOPLIST_FILE = FlixTests/Info.plist;
				LD_RUNPATH_SEARCH_PATHS = (
					"$(inherited)",
					"@executable_path/Frameworks",
					"@loader_path/Frameworks",
				);
				PRODUCT_BUNDLE_IDENTIFIER = com.leo.sc.ku.FlixTests;
				PRODUCT_NAME = "$(TARGET_NAME)";
				SWIFT_VERSION = 4.2;
				TARGETED_DEVICE_FAMILY = "1,2";
				TEST_HOST = "$(BUILT_PRODUCTS_DIR)/Flix.app/Flix";
			};
			name = Release;
		};
		B38EDA752213C39B00EA708A /* Debug */ = {
			isa = XCBuildConfiguration;
			baseConfigurationReference = 31ACE6DABDE90853A0080328 /* Pods-FlixUITests.debug.xcconfig */;
			buildSettings = {
				ALWAYS_EMBED_SWIFT_STANDARD_LIBRARIES = YES;
				CODE_SIGN_STYLE = Automatic;
				INFOPLIST_FILE = FlixUITests/Info.plist;
				LD_RUNPATH_SEARCH_PATHS = (
					"$(inherited)",
					"@executable_path/Frameworks",
					"@loader_path/Frameworks",
				);
				PRODUCT_BUNDLE_IDENTIFIER = com.leo.sc.ku.FlixUITests;
				PRODUCT_NAME = "$(TARGET_NAME)";
				SWIFT_VERSION = 4.2;
				TARGETED_DEVICE_FAMILY = "1,2";
				TEST_TARGET_NAME = Flix;
			};
			name = Debug;
		};
		B38EDA762213C39B00EA708A /* Release */ = {
			isa = XCBuildConfiguration;
			baseConfigurationReference = B272C371FC75BFD79A6791E8 /* Pods-FlixUITests.release.xcconfig */;
			buildSettings = {
				ALWAYS_EMBED_SWIFT_STANDARD_LIBRARIES = YES;
				CODE_SIGN_STYLE = Automatic;
				INFOPLIST_FILE = FlixUITests/Info.plist;
				LD_RUNPATH_SEARCH_PATHS = (
					"$(inherited)",
					"@executable_path/Frameworks",
					"@loader_path/Frameworks",
				);
				PRODUCT_BUNDLE_IDENTIFIER = com.leo.sc.ku.FlixUITests;
				PRODUCT_NAME = "$(TARGET_NAME)";
				SWIFT_VERSION = 4.2;
				TARGETED_DEVICE_FAMILY = "1,2";
				TEST_TARGET_NAME = Flix;
			};
			name = Release;
		};
/* End XCBuildConfiguration section */

/* Begin XCConfigurationList section */
		B38EDA412213C39800EA708A /* Build configuration list for PBXProject "Flix" */ = {
			isa = XCConfigurationList;
			buildConfigurations = (
				B38EDA6C2213C39B00EA708A /* Debug */,
				B38EDA6D2213C39B00EA708A /* Release */,
			);
			defaultConfigurationIsVisible = 0;
			defaultConfigurationName = Release;
		};
		B38EDA6E2213C39B00EA708A /* Build configuration list for PBXNativeTarget "Flix" */ = {
			isa = XCConfigurationList;
			buildConfigurations = (
				B38EDA6F2213C39B00EA708A /* Debug */,
				B38EDA702213C39B00EA708A /* Release */,
			);
			defaultConfigurationIsVisible = 0;
			defaultConfigurationName = Release;
		};
		B38EDA712213C39B00EA708A /* Build configuration list for PBXNativeTarget "FlixTests" */ = {
			isa = XCConfigurationList;
			buildConfigurations = (
				B38EDA722213C39B00EA708A /* Debug */,
				B38EDA732213C39B00EA708A /* Release */,
			);
			defaultConfigurationIsVisible = 0;
			defaultConfigurationName = Release;
		};
		B38EDA742213C39B00EA708A /* Build configuration list for PBXNativeTarget "FlixUITests" */ = {
			isa = XCConfigurationList;
			buildConfigurations = (
				B38EDA752213C39B00EA708A /* Debug */,
				B38EDA762213C39B00EA708A /* Release */,
			);
			defaultConfigurationIsVisible = 0;
			defaultConfigurationName = Release;
		};
/* End XCConfigurationList section */
	};
	rootObject = B38EDA3E2213C39800EA708A /* Project object */;
}
