// !$*UTF8*$!
{
	archiveVersion = 1;
	classes = {
	};
	objectVersion = 50;
	objects = {

/* Begin PBXBuildFile section */
		B32705DB219DF9A200DA0272 /* AppDelegate.swift in Sources */ = {isa = PBXBuildFile; fileRef = B32705DA219DF9A200DA0272 /* AppDelegate.swift */; };
		B32705DD219DF9A200DA0272 /* ViewController.swift in Sources */ = {isa = PBXBuildFile; fileRef = B32705DC219DF9A200DA0272 /* ViewController.swift */; };
		B32705E0219DF9A200DA0272 /* Main.storyboard in Resources */ = {isa = PBXBuildFile; fileRef = B32705DE219DF9A200DA0272 /* Main.storyboard */; };
		B32705E2219DF9A600DA0272 /* Assets.xcassets in Resources */ = {isa = PBXBuildFile; fileRef = B32705E1219DF9A600DA0272 /* Assets.xcassets */; };
		B32705E5219DF9A600DA0272 /* LaunchScreen.storyboard in Resources */ = {isa = PBXBuildFile; fileRef = B32705E3219DF9A600DA0272 /* LaunchScreen.storyboard */; };
		B32705F0219DF9A600DA0272 /* Tip_CalculatorTests.swift in Sources */ = {isa = PBXBuildFile; fileRef = B32705EF219DF9A600DA0272 /* Tip_CalculatorTests.swift */; };
		B32705FB219DF9A600DA0272 /* Tip_CalculatorUITests.swift in Sources */ = {isa = PBXBuildFile; fileRef = B32705FA219DF9A600DA0272 /* Tip_CalculatorUITests.swift */; };
		B327060A21ACA9FB00DA0272 /* SettingsViewController.swift in Sources */ = {isa = PBXBuildFile; fileRef = B327060821ACA9FB00DA0272 /* SettingsViewController.swift */; };
/* End PBXBuildFile section */

/* Begin PBXContainerItemProxy section */
		B32705EC219DF9A600DA0272 /* PBXContainerItemProxy */ = {
			isa = PBXContainerItemProxy;
			containerPortal = B32705CF219DF9A200DA0272 /* Project object */;
			proxyType = 1;
			remoteGlobalIDString = B32705D6219DF9A200DA0272;
			remoteInfo = "Tip Calculator";
		};
		B32705F7219DF9A600DA0272 /* PBXContainerItemProxy */ = {
			isa = PBXContainerItemProxy;
			containerPortal = B32705CF219DF9A200DA0272 /* Project object */;
			proxyType = 1;
			remoteGlobalIDString = B32705D6219DF9A200DA0272;
			remoteInfo = "Tip Calculator";
		};
/* End PBXContainerItemProxy section */

/* Begin PBXFileReference section */
		B32705D7219DF9A200DA0272 /* Tip Calculator.app */ = {isa = PBXFileReference; explicitFileType = wrapper.application; includeInIndex = 0; path = "Tip Calculator.app"; sourceTree = BUILT_PRODUCTS_DIR; };
		B32705DA219DF9A200DA0272 /* AppDelegate.swift */ = {isa = PBXFileReference; lastKnownFileType = sourcecode.swift; path = AppDelegate.swift; sourceTree = "<group>"; };
		B32705DC219DF9A200DA0272 /* ViewController.swift */ = {isa = PBXFileReference; lastKnownFileType = sourcecode.swift; path = ViewController.swift; sourceTree = "<group>"; };
		B32705DF219DF9A200DA0272 /* Base */ = {isa = PBXFileReference; lastKnownFileType = file.storyboard; name = Base; path = Base.lproj/Main.storyboard; sourceTree = "<group>"; };
		B32705E1219DF9A600DA0272 /* Assets.xcassets */ = {isa = PBXFileReference; lastKnownFileType = folder.assetcatalog; path = Assets.xcassets; sourceTree = "<group>"; };
		B32705E4219DF9A600DA0272 /* Base */ = {isa = PBXFileReference; lastKnownFileType = file.storyboard; name = Base; path = Base.lproj/LaunchScreen.storyboard; sourceTree = "<group>"; };
		B32705E6219DF9A600DA0272 /* Info.plist */ = {isa = PBXFileReference; lastKnownFileType = text.plist.xml; path = Info.plist; sourceTree = "<group>"; };
		B32705EB219DF9A600DA0272 /* Tip CalculatorTests.xctest */ = {isa = PBXFileReference; explicitFileType = wrapper.cfbundle; includeInIndex = 0; path = "Tip CalculatorTests.xctest"; sourceTree = BUILT_PRODUCTS_DIR; };
		B32705EF219DF9A600DA0272 /* Tip_CalculatorTests.swift */ = {isa = PBXFileReference; lastKnownFileType = sourcecode.swift; path = Tip_CalculatorTests.swift; sourceTree = "<group>"; };
		B32705F1219DF9A600DA0272 /* Info.plist */ = {isa = PBXFileReference; lastKnownFileType = text.plist.xml; path = Info.plist; sourceTree = "<group>"; };
		B32705F6219DF9A600DA0272 /* Tip CalculatorUITests.xctest */ = {isa = PBXFileReference; explicitFileType = wrapper.cfbundle; includeInIndex = 0; path = "Tip CalculatorUITests.xctest"; sourceTree = BUILT_PRODUCTS_DIR; };
		B32705FA219DF9A600DA0272 /* Tip_CalculatorUITests.swift */ = {isa = PBXFileReference; lastKnownFileType = sourcecode.swift; path = Tip_CalculatorUITests.swift; sourceTree = "<group>"; };
		B32705FC219DF9A600DA0272 /* Info.plist */ = {isa = PBXFileReference; lastKnownFileType = text.plist.xml; path = Info.plist; sourceTree = "<group>"; };
		B327060921ACA9FB00DA0272 /* Base */ = {isa = PBXFileReference; lastKnownFileType = sourcecode.swift; name = Base; path = Base.lproj/SettingsViewController.swift; sourceTree = "<group>"; };
/* End PBXFileReference section */

/* Begin PBXFrameworksBuildPhase section */
		B32705D4219DF9A200DA0272 /* Frameworks */ = {
			isa = PBXFrameworksBuildPhase;
			buildActionMask = 2147483647;
			files = (
			);
			runOnlyForDeploymentPostprocessing = 0;
		};
		B32705E8219DF9A600DA0272 /* Frameworks */ = {
			isa = PBXFrameworksBuildPhase;
			buildActionMask = 2147483647;
			files = (
			);
			runOnlyForDeploymentPostprocessing = 0;
		};
		B32705F3219DF9A600DA0272 /* Frameworks */ = {
			isa = PBXFrameworksBuildPhase;
			buildActionMask = 2147483647;
			files = (
			);
			runOnlyForDeploymentPostprocessing = 0;
		};
/* End PBXFrameworksBuildPhase section */

/* Begin PBXGroup section */
		B32705CE219DF9A200DA0272 = {
			isa = PBXGroup;
			children = (
				B32705D9219DF9A200DA0272 /* Tip Calculator */,
				B32705EE219DF9A600DA0272 /* Tip CalculatorTests */,
				B32705F9219DF9A600DA0272 /* Tip CalculatorUITests */,
				B32705D8219DF9A200DA0272 /* Products */,
			);
			sourceTree = "<group>";
		};
		B32705D8219DF9A200DA0272 /* Products */ = {
			isa = PBXGroup;
			children = (
				B32705D7219DF9A200DA0272 /* Tip Calculator.app */,
				B32705EB219DF9A600DA0272 /* Tip CalculatorTests.xctest */,
				B32705F6219DF9A600DA0272 /* Tip CalculatorUITests.xctest */,
			);
			name = Products;
			sourceTree = "<group>";
		};
		B32705D9219DF9A200DA0272 /* Tip Calculator */ = {
			isa = PBXGroup;
			children = (
				B32705DA219DF9A200DA0272 /* AppDelegate.swift */,
				B32705DC219DF9A200DA0272 /* ViewController.swift */,
				B32705DE219DF9A200DA0272 /* Main.storyboard */,
				B327060821ACA9FB00DA0272 /* SettingsViewController.swift */,
				B32705E1219DF9A600DA0272 /* Assets.xcassets */,
				B32705E3219DF9A600DA0272 /* LaunchScreen.storyboard */,
				B32705E6219DF9A600DA0272 /* Info.plist */,
			);
			path = "Tip Calculator";
			sourceTree = "<group>";
		};
		B32705EE219DF9A600DA0272 /* Tip CalculatorTests */ = {
			isa = PBXGroup;
			children = (
				B32705EF219DF9A600DA0272 /* Tip_CalculatorTests.swift */,
				B32705F1219DF9A600DA0272 /* Info.plist */,
			);
			path = "Tip CalculatorTests";
			sourceTree = "<group>";
		};
		B32705F9219DF9A600DA0272 /* Tip CalculatorUITests */ = {
			isa = PBXGroup;
			children = (
				B32705FA219DF9A600DA0272 /* Tip_CalculatorUITests.swift */,
				B32705FC219DF9A600DA0272 /* Info.plist */,
			);
			path = "Tip CalculatorUITests";
			sourceTree = "<group>";
		};
/* End PBXGroup section */

/* Begin PBXNativeTarget section */
		B32705D6219DF9A200DA0272 /* Tip Calculator */ = {
			isa = PBXNativeTarget;
			buildConfigurationList = B32705FF219DF9A600DA0272 /* Build configuration list for PBXNativeTarget "Tip Calculator" */;
			buildPhases = (
				B32705D3219DF9A200DA0272 /* Sources */,
				B32705D4219DF9A200DA0272 /* Frameworks */,
				B32705D5219DF9A200DA0272 /* Resources */,
			);
			buildRules = (
			);
			dependencies = (
			);
			name = "Tip Calculator";
			productName = "Tip Calculator";
			productReference = B32705D7219DF9A200DA0272 /* Tip Calculator.app */;
			productType = "com.apple.product-type.application";
		};
		B32705EA219DF9A600DA0272 /* Tip CalculatorTests */ = {
			isa = PBXNativeTarget;
			buildConfigurationList = B3270602219DF9A600DA0272 /* Build configuration list for PBXNativeTarget "Tip CalculatorTests" */;
			buildPhases = (
				B32705E7219DF9A600DA0272 /* Sources */,
				B32705E8219DF9A600DA0272 /* Frameworks */,
				B32705E9219DF9A600DA0272 /* Resources */,
			);
			buildRules = (
			);
			dependencies = (
				B32705ED219DF9A600DA0272 /* PBXTargetDependency */,
			);
			name = "Tip CalculatorTests";
			productName = "Tip CalculatorTests";
			productReference = B32705EB219DF9A600DA0272 /* Tip CalculatorTests.xctest */;
			productType = "com.apple.product-type.bundle.unit-test";
		};
		B32705F5219DF9A600DA0272 /* Tip CalculatorUITests */ = {
			isa = PBXNativeTarget;
			buildConfigurationList = B3270605219DF9A600DA0272 /* Build configuration list for PBXNativeTarget "Tip CalculatorUITests" */;
			buildPhases = (
				B32705F2219DF9A600DA0272 /* Sources */,
				B32705F3219DF9A600DA0272 /* Frameworks */,
				B32705F4219DF9A600DA0272 /* Resources */,
			);
			buildRules = (
			);
			dependencies = (
				B32705F8219DF9A600DA0272 /* PBXTargetDependency */,
			);
			name = "Tip CalculatorUITests";
			productName = "Tip CalculatorUITests";
			productReference = B32705F6219DF9A600DA0272 /* Tip CalculatorUITests.xctest */;
			productType = "com.apple.product-type.bundle.ui-testing";
		};
/* End PBXNativeTarget section */

/* Begin PBXProject section */
		B32705CF219DF9A200DA0272 /* Project object */ = {
			isa = PBXProject;
			attributes = {
				LastSwiftUpdateCheck = 1010;
				LastUpgradeCheck = 1010;
				ORGANIZATIONNAME = "Shih-Chuan Leo Ku";
				TargetAttributes = {
					B32705D6219DF9A200DA0272 = {
						CreatedOnToolsVersion = 10.1;
					};
					B32705EA219DF9A600DA0272 = {
						CreatedOnToolsVersion = 10.1;
						TestTargetID = B32705D6219DF9A200DA0272;
					};
					B32705F5219DF9A600DA0272 = {
						CreatedOnToolsVersion = 10.1;
						TestTargetID = B32705D6219DF9A200DA0272;
					};
				};
			};
			buildConfigurationList = B32705D2219DF9A200DA0272 /* Build configuration list for PBXProject "Tip Calculator" */;
			compatibilityVersion = "Xcode 9.3";
			developmentRegion = en;
			hasScannedForEncodings = 0;
			knownRegions = (
				en,
				Base,
			);
			mainGroup = B32705CE219DF9A200DA0272;
			productRefGroup = B32705D8219DF9A200DA0272 /* Products */;
			projectDirPath = "";
			projectRoot = "";
			targets = (
				B32705D6219DF9A200DA0272 /* Tip Calculator */,
				B32705EA219DF9A600DA0272 /* Tip CalculatorTests */,
				B32705F5219DF9A600DA0272 /* Tip CalculatorUITests */,
			);
		};
/* End PBXProject section */

/* Begin PBXResourcesBuildPhase section */
		B32705D5219DF9A200DA0272 /* Resources */ = {
			isa = PBXResourcesBuildPhase;
			buildActionMask = 2147483647;
			files = (
				B32705E5219DF9A600DA0272 /* LaunchScreen.storyboard in Resources */,
				B32705E2219DF9A600DA0272 /* Assets.xcassets in Resources */,
				B32705E0219DF9A200DA0272 /* Main.storyboard in Resources */,
			);
			runOnlyForDeploymentPostprocessing = 0;
		};
		B32705E9219DF9A600DA0272 /* Resources */ = {
			isa = PBXResourcesBuildPhase;
			buildActionMask = 2147483647;
			files = (
			);
			runOnlyForDeploymentPostprocessing = 0;
		};
		B32705F4219DF9A600DA0272 /* Resources */ = {
			isa = PBXResourcesBuildPhase;
			buildActionMask = 2147483647;
			files = (
			);
			runOnlyForDeploymentPostprocessing = 0;
		};
/* End PBXResourcesBuildPhase section */

/* Begin PBXSourcesBuildPhase section */
		B32705D3219DF9A200DA0272 /* Sources */ = {
			isa = PBXSourcesBuildPhase;
			buildActionMask = 2147483647;
			files = (
				B32705DD219DF9A200DA0272 /* ViewController.swift in Sources */,
				B32705DB219DF9A200DA0272 /* AppDelegate.swift in Sources */,
				B327060A21ACA9FB00DA0272 /* SettingsViewController.swift in Sources */,
			);
			runOnlyForDeploymentPostprocessing = 0;
		};
		B32705E7219DF9A600DA0272 /* Sources */ = {
			isa = PBXSourcesBuildPhase;
			buildActionMask = 2147483647;
			files = (
				B32705F0219DF9A600DA0272 /* Tip_CalculatorTests.swift in Sources */,
			);
			runOnlyForDeploymentPostprocessing = 0;
		};
		B32705F2219DF9A600DA0272 /* Sources */ = {
			isa = PBXSourcesBuildPhase;
			buildActionMask = 2147483647;
			files = (
				B32705FB219DF9A600DA0272 /* Tip_CalculatorUITests.swift in Sources */,
			);
			runOnlyForDeploymentPostprocessing = 0;
		};
/* End PBXSourcesBuildPhase section */

/* Begin PBXTargetDependency section */
		B32705ED219DF9A600DA0272 /* PBXTargetDependency */ = {
			isa = PBXTargetDependency;
			target = B32705D6219DF9A200DA0272 /* Tip Calculator */;
			targetProxy = B32705EC219DF9A600DA0272 /* PBXContainerItemProxy */;
		};
		B32705F8219DF9A600DA0272 /* PBXTargetDependency */ = {
			isa = PBXTargetDependency;
			target = B32705D6219DF9A200DA0272 /* Tip Calculator */;
			targetProxy = B32705F7219DF9A600DA0272 /* PBXContainerItemProxy */;
		};
/* End PBXTargetDependency section */

/* Begin PBXVariantGroup section */
		B32705DE219DF9A200DA0272 /* Main.storyboard */ = {
			isa = PBXVariantGroup;
			children = (
				B32705DF219DF9A200DA0272 /* Base */,
			);
			name = Main.storyboard;
			sourceTree = "<group>";
			usesTabs = 0;
		};
		B32705E3219DF9A600DA0272 /* LaunchScreen.storyboard */ = {
			isa = PBXVariantGroup;
			children = (
				B32705E4219DF9A600DA0272 /* Base */,
			);
			name = LaunchScreen.storyboard;
			sourceTree = "<group>";
		};
		B327060821ACA9FB00DA0272 /* SettingsViewController.swift */ = {
			isa = PBXVariantGroup;
			children = (
				B327060921ACA9FB00DA0272 /* Base */,
			);
			name = SettingsViewController.swift;
			sourceTree = "<group>";
		};
/* End PBXVariantGroup section */

/* Begin XCBuildConfiguration section */
		B32705FD219DF9A600DA0272 /* Debug */ = {
			isa = XCBuildConfiguration;
			buildSettings = {
				ALWAYS_SEARCH_USER_PATHS = NO;
				CLANG_ANALYZER_NONNULL = YES;
				CLANG_ANALYZER_NUMBER_OBJECT_CONVERSION = YES_AGGRESSIVE;
				CLANG_CXX_LANGUAGE_STANDARD = "gnu++14";
				CLANG_CXX_LIBRARY = "libc++";
				CLANG_ENABLE_MODULES = YES;
				CLANG_ENABLE_OBJC_ARC = YES;
				CLANG_ENABLE_OBJC_WEAK = YES;
				CLANG_WARN_BLOCK_CAPTURE_AUTORELEASING = YES;
				CLANG_WARN_BOOL_CONVERSION = YES;
				CLANG_WARN_COMMA = YES;
				CLANG_WARN_CONSTANT_CONVERSION = YES;
				CLANG_WARN_DEPRECATED_OBJC_IMPLEMENTATIONS = YES;
				CLANG_WARN_DIRECT_OBJC_ISA_USAGE = YES_ERROR;
				CLANG_WARN_DOCUMENTATION_COMMENTS = YES;
				CLANG_WARN_EMPTY_BODY = YES;
				CLANG_WARN_ENUM_CONVERSION = YES;
				CLANG_WARN_INFINITE_RECURSION = YES;
				CLANG_WARN_INT_CONVERSION = YES;
				CLANG_WARN_NON_LITERAL_NULL_CONVERSION = YES;
				CLANG_WARN_OBJC_IMPLICIT_RETAIN_SELF = YES;
				CLANG_WARN_OBJC_LITERAL_CONVERSION = YES;
				CLANG_WARN_OBJC_ROOT_CLASS = YES_ERROR;
				CLANG_WARN_RANGE_LOOP_ANALYSIS = YES;
				CLANG_WARN_STRICT_PROTOTYPES = YES;
				CLANG_WARN_SUSPICIOUS_MOVE = YES;
				CLANG_WARN_UNGUARDED_AVAILABILITY = YES_AGGRESSIVE;
				CLANG_WARN_UNREACHABLE_CODE = YES;
				CLANG_WARN__DUPLICATE_METHOD_MATCH = YES;
				CODE_SIGN_IDENTITY = "iPhone Developer";
				COPY_PHASE_STRIP = NO;
				DEBUG_INFORMATION_FORMAT = dwarf;
				ENABLE_STRICT_OBJC_MSGSEND = YES;
				ENABLE_TESTABILITY = YES;
				GCC_C_LANGUAGE_STANDARD = gnu11;
				GCC_DYNAMIC_NO_PIC = NO;
				GCC_NO_COMMON_BLOCKS = YES;
				GCC_OPTIMIZATION_LEVEL = 0;
				GCC_PREPROCESSOR_DEFINITIONS = (
					"DEBUG=1",
					"$(inherited)",
				);
				GCC_WARN_64_TO_32_BIT_CONVERSION = YES;
				GCC_WARN_ABOUT_RETURN_TYPE = YES_ERROR;
				GCC_WARN_UNDECLARED_SELECTOR = YES;
				GCC_WARN_UNINITIALIZED_AUTOS = YES_AGGRESSIVE;
				GCC_WARN_UNUSED_FUNCTION = YES;
				GCC_WARN_UNUSED_VARIABLE = YES;
				IPHONEOS_DEPLOYMENT_TARGET = 12.1;
				MTL_ENABLE_DEBUG_INFO = INCLUDE_SOURCE;
				MTL_FAST_MATH = YES;
				ONLY_ACTIVE_ARCH = YES;
				SDKROOT = iphoneos;
				SWIFT_ACTIVE_COMPILATION_CONDITIONS = DEBUG;
				SWIFT_OPTIMIZATION_LEVEL = "-Onone";
			};
			name = Debug;
		};
		B32705FE219DF9A600DA0272 /* Release */ = {
			isa = XCBuildConfiguration;
			buildSettings = {
				ALWAYS_SEARCH_USER_PATHS = NO;
				CLANG_ANALYZER_NONNULL = YES;
				CLANG_ANALYZER_NUMBER_OBJECT_CONVERSION = YES_AGGRESSIVE;
				CLANG_CXX_LANGUAGE_STANDARD = "gnu++14";
				CLANG_CXX_LIBRARY = "libc++";
				CLANG_ENABLE_MODULES = YES;
				CLANG_ENABLE_OBJC_ARC = YES;
				CLANG_ENABLE_OBJC_WEAK = YES;
				CLANG_WARN_BLOCK_CAPTURE_AUTORELEASING = YES;
				CLANG_WARN_BOOL_CONVERSION = YES;
				CLANG_WARN_COMMA = YES;
				CLANG_WARN_CONSTANT_CONVERSION = YES;
				CLANG_WARN_DEPRECATED_OBJC_IMPLEMENTATIONS = YES;
				CLANG_WARN_DIRECT_OBJC_ISA_USAGE = YES_ERROR;
				CLANG_WARN_DOCUMENTATION_COMMENTS = YES;
				CLANG_WARN_EMPTY_BODY = YES;
				CLANG_WARN_ENUM_CONVERSION = YES;
				CLANG_WARN_INFINITE_RECURSION = YES;
				CLANG_WARN_INT_CONVERSION = YES;
				CLANG_WARN_NON_LITERAL_NULL_CONVERSION = YES;
				CLANG_WARN_OBJC_IMPLICIT_RETAIN_SELF = YES;
				CLANG_WARN_OBJC_LITERAL_CONVERSION = YES;
				CLANG_WARN_OBJC_ROOT_CLASS = YES_ERROR;
				CLANG_WARN_RANGE_LOOP_ANALYSIS = YES;
				CLANG_WARN_STRICT_PROTOTYPES = YES;
				CLANG_WARN_SUSPICIOUS_MOVE = YES;
				CLANG_WARN_UNGUARDED_AVAILABILITY = YES_AGGRESSIVE;
				CLANG_WARN_UNREACHABLE_CODE = YES;
				CLANG_WARN__DUPLICATE_METHOD_MATCH = YES;
				CODE_SIGN_IDENTITY = "iPhone Developer";
				COPY_PHASE_STRIP = NO;
				DEBUG_INFORMATION_FORMAT = "dwarf-with-dsym";
				ENABLE_NS_ASSERTIONS = NO;
				ENABLE_STRICT_OBJC_MSGSEND = YES;
				GCC_C_LANGUAGE_STANDARD = gnu11;
				GCC_NO_COMMON_BLOCKS = YES;
				GCC_WARN_64_TO_32_BIT_CONVERSION = YES;
				GCC_WARN_ABOUT_RETURN_TYPE = YES_ERROR;
				GCC_WARN_UNDECLARED_SELECTOR = YES;
				GCC_WARN_UNINITIALIZED_AUTOS = YES_AGGRESSIVE;
				GCC_WARN_UNUSED_FUNCTION = YES;
				GCC_WARN_UNUSED_VARIABLE = YES;
				IPHONEOS_DEPLOYMENT_TARGET = 12.1;
				MTL_ENABLE_DEBUG_INFO = NO;
				MTL_FAST_MATH = YES;
				SDKROOT = iphoneos;
				SWIFT_COMPILATION_MODE = wholemodule;
				SWIFT_OPTIMIZATION_LEVEL = "-O";
				VALIDATE_PRODUCT = YES;
			};
			name = Release;
		};
		B3270600219DF9A600DA0272 /* Debug */ = {
			isa = XCBuildConfiguration;
			buildSettings = {
				ASSETCATALOG_COMPILER_APPICON_NAME = AppIcon;
				CODE_SIGN_STYLE = Automatic;
				INFOPLIST_FILE = "Tip Calculator/Info.plist";
				LD_RUNPATH_SEARCH_PATHS = (
					"$(inherited)",
					"@executable_path/Frameworks",
				);
				PRODUCT_BUNDLE_IDENTIFIER = "com.leo.sc.ku.Tip-Calculator";
				PRODUCT_NAME = "$(TARGET_NAME)";
				SWIFT_VERSION = 4.2;
				TARGETED_DEVICE_FAMILY = "1,2";
			};
			name = Debug;
		};
		B3270601219DF9A600DA0272 /* Release */ = {
			isa = XCBuildConfiguration;
			buildSettings = {
				ASSETCATALOG_COMPILER_APPICON_NAME = AppIcon;
				CODE_SIGN_STYLE = Automatic;
				INFOPLIST_FILE = "Tip Calculator/Info.plist";
				LD_RUNPATH_SEARCH_PATHS = (
					"$(inherited)",
					"@executable_path/Frameworks",
				);
				PRODUCT_BUNDLE_IDENTIFIER = "com.leo.sc.ku.Tip-Calculator";
				PRODUCT_NAME = "$(TARGET_NAME)";
				SWIFT_VERSION = 4.2;
				TARGETED_DEVICE_FAMILY = "1,2";
			};
			name = Release;
		};
		B3270603219DF9A600DA0272 /* Debug */ = {
			isa = XCBuildConfiguration;
			buildSettings = {
				ALWAYS_EMBED_SWIFT_STANDARD_LIBRARIES = YES;
				BUNDLE_LOADER = "$(TEST_HOST)";
				CODE_SIGN_STYLE = Automatic;
				INFOPLIST_FILE = "Tip CalculatorTests/Info.plist";
				LD_RUNPATH_SEARCH_PATHS = (
					"$(inherited)",
					"@executable_path/Frameworks",
					"@loader_path/Frameworks",
				);
				PRODUCT_BUNDLE_IDENTIFIER = "com.leo.sc.ku.Tip-CalculatorTests";
				PRODUCT_NAME = "$(TARGET_NAME)";
				SWIFT_VERSION = 4.2;
				TARGETED_DEVICE_FAMILY = "1,2";
				TEST_HOST = "$(BUILT_PRODUCTS_DIR)/Tip Calculator.app/Tip Calculator";
			};
			name = Debug;
		};
		B3270604219DF9A600DA0272 /* Release */ = {
			isa = XCBuildConfiguration;
			buildSettings = {
				ALWAYS_EMBED_SWIFT_STANDARD_LIBRARIES = YES;
				BUNDLE_LOADER = "$(TEST_HOST)";
				CODE_SIGN_STYLE = Automatic;
				INFOPLIST_FILE = "Tip CalculatorTests/Info.plist";
				LD_RUNPATH_SEARCH_PATHS = (
					"$(inherited)",
					"@executable_path/Frameworks",
					"@loader_path/Frameworks",
				);
				PRODUCT_BUNDLE_IDENTIFIER = "com.leo.sc.ku.Tip-CalculatorTests";
				PRODUCT_NAME = "$(TARGET_NAME)";
				SWIFT_VERSION = 4.2;
				TARGETED_DEVICE_FAMILY = "1,2";
				TEST_HOST = "$(BUILT_PRODUCTS_DIR)/Tip Calculator.app/Tip Calculator";
			};
			name = Release;
		};
		B3270606219DF9A600DA0272 /* Debug */ = {
			isa = XCBuildConfiguration;
			buildSettings = {
				ALWAYS_EMBED_SWIFT_STANDARD_LIBRARIES = YES;
				CODE_SIGN_STYLE = Automatic;
				INFOPLIST_FILE = "Tip CalculatorUITests/Info.plist";
				LD_RUNPATH_SEARCH_PATHS = (
					"$(inherited)",
					"@executable_path/Frameworks",
					"@loader_path/Frameworks",
				);
				PRODUCT_BUNDLE_IDENTIFIER = "com.leo.sc.ku.Tip-CalculatorUITests";
				PRODUCT_NAME = "$(TARGET_NAME)";
				SWIFT_VERSION = 4.2;
				TARGETED_DEVICE_FAMILY = "1,2";
				TEST_TARGET_NAME = "Tip Calculator";
			};
			name = Debug;
		};
		B3270607219DF9A600DA0272 /* Release */ = {
			isa = XCBuildConfiguration;
			buildSettings = {
				ALWAYS_EMBED_SWIFT_STANDARD_LIBRARIES = YES;
				CODE_SIGN_STYLE = Automatic;
				INFOPLIST_FILE = "Tip CalculatorUITests/Info.plist";
				LD_RUNPATH_SEARCH_PATHS = (
					"$(inherited)",
					"@executable_path/Frameworks",
					"@loader_path/Frameworks",
				);
				PRODUCT_BUNDLE_IDENTIFIER = "com.leo.sc.ku.Tip-CalculatorUITests";
				PRODUCT_NAME = "$(TARGET_NAME)";
				SWIFT_VERSION = 4.2;
				TARGETED_DEVICE_FAMILY = "1,2";
				TEST_TARGET_NAME = "Tip Calculator";
			};
			name = Release;
		};
/* End XCBuildConfiguration section */

/* Begin XCConfigurationList section */
		B32705D2219DF9A200DA0272 /* Build configuration list for PBXProject "Tip Calculator" */ = {
			isa = XCConfigurationList;
			buildConfigurations = (
				B32705FD219DF9A600DA0272 /* Debug */,
				B32705FE219DF9A600DA0272 /* Release */,
			);
			defaultConfigurationIsVisible = 0;
			defaultConfigurationName = Release;
		};
		B32705FF219DF9A600DA0272 /* Build configuration list for PBXNativeTarget "Tip Calculator" */ = {
			isa = XCConfigurationList;
			buildConfigurations = (
				B3270600219DF9A600DA0272 /* Debug */,
				B3270601219DF9A600DA0272 /* Release */,
			);
			defaultConfigurationIsVisible = 0;
			defaultConfigurationName = Release;
		};
		B3270602219DF9A600DA0272 /* Build configuration list for PBXNativeTarget "Tip CalculatorTests" */ = {
			isa = XCConfigurationList;
			buildConfigurations = (
				B3270603219DF9A600DA0272 /* Debug */,
				B3270604219DF9A600DA0272 /* Release */,
			);
			defaultConfigurationIsVisible = 0;
			defaultConfigurationName = Release;
		};
		B3270605219DF9A600DA0272 /* Build configuration list for PBXNativeTarget "Tip CalculatorUITests" */ = {
			isa = XCConfigurationList;
			buildConfigurations = (
				B3270606219DF9A600DA0272 /* Debug */,
				B3270607219DF9A600DA0272 /* Release */,
			);
			defaultConfigurationIsVisible = 0;
			defaultConfigurationName = Release;
		};
/* End XCConfigurationList section */
	};
	rootObject = B32705CF219DF9A200DA0272 /* Project object */;
}
